Microsoft Visual Studio Solution File, Format Version 12.00
# Visual Studio Version 16
VisualStudioVersion = 16.0.0.0
MinimumVisualStudioVersion = 16.0.0.0
Project("{9A19103F-16F7-4668-BE54-9A1E7A4F7556}") = "HangingBlazorHybridApp", "HangingBlazorHybridApp\HangingBlazorHybridApp.csproj", "{EE972B30-181C-4110-A40C-C6AD9F26C8A0}"
EndProject
Project("{9A19103F-16F7-4668-BE54-9A1E7A4F7556}") = "HangingBlazorHybridApp.Windows", "HangingBlazorHybridApp.Windows\HangingBlazorHybridApp.Windows.csproj", "{5DE5DBA3-50CE-442A-A71F-AAE3EA90E823}"
EndProject
Global
	GlobalSection(SolutionConfigurationPlatforms) = preSolution
		Debug|Any CPU = Debug|Any CPU
		Debug|iPhone = Debug|iPhone
		Debug|iPhoneSimulator = Debug|iPhoneSimulator
		Debug|x64 = Debug|x64
		Debug|x86 = Debug|x86
		Release|Any CPU = Release|Any CPU
		Release|iPhone = Release|iPhone
		Release|iPhoneSimulator = Release|iPhoneSimulator
		Release|x64 = Release|x64
		Release|x86 = Release|x86
	EndGlobalSection
	GlobalSection(ProjectConfigurationPlatforms) = postSolution
		{EE972B30-181C-4110-A40C-C6AD9F26C8A0}.Debug|Any CPU.ActiveCfg = Debug|Any CPU
		{EE972B30-181C-4110-A40C-C6AD9F26C8A0}.Debug|Any CPU.Build.0 = Debug|Any CPU
		{EE972B30-181C-4110-A40C-C6AD9F26C8A0}.Debug|iPhone.ActiveCfg = Debug|Any CPU
		{EE972B30-181C-4110-A40C-C6AD9F26C8A0}.Debug|iPhone.Build.0 = Debug|Any CPU
		{EE972B30-181C-4110-A40C-C6AD9F26C8A0}.Debug|iPhoneSimulator.ActiveCfg = Debug|Any CPU
		{EE972B30-181C-4110-A40C-C6AD9F26C8A0}.Debug|iPhoneSimulator.Build.0 = Debug|Any CPU
		{EE972B30-181C-4110-A40C-C6AD9F26C8A0}.Debug|x64.ActiveCfg = Debug|Any CPU
		{EE972B30-181C-4110-A40C-C6AD9F26C8A0}.Debug|x64.Build.0 = Debug|Any CPU
		{EE972B30-181C-4110-A40C-C6AD9F26C8A0}.Debug|x86.ActiveCfg = Debug|Any CPU
		{EE972B30-181C-4110-A40C-C6AD9F26C8A0}.Debug|x86.Build.0 = Debug|Any CPU
		{EE972B30-181C-4110-A40C-C6AD9F26C8A0}.Release|Any CPU.ActiveCfg = Release|Any CPU
		{EE972B30-181C-4110-A40C-C6AD9F26C8A0}.Release|Any CPU.Build.0 = Release|Any CPU
		{EE972B30-181C-4110-A40C-C6AD9F26C8A0}.Release|iPhone.ActiveCfg = Release|Any CPU
		{EE972B30-181C-4110-A40C-C6AD9F26C8A0}.Release|iPhone.Build.0 = Release|Any CPU
		{EE972B30-181C-4110-A40C-C6AD9F26C8A0}.Release|iPhoneSimulator.ActiveCfg = Release|Any CPU
		{EE972B30-181C-4110-A40C-C6AD9F26C8A0}.Release|iPhoneSimulator.Build.0 = Release|Any CPU
		{EE972B30-181C-4110-A40C-C6AD9F26C8A0}.Release|x64.ActiveCfg = Release|Any CPU
		{EE972B30-181C-4110-A40C-C6AD9F26C8A0}.Release|x64.Build.0 = Release|Any CPU
		{EE972B30-181C-4110-A40C-C6AD9F26C8A0}.Release|x86.ActiveCfg = Release|Any CPU
		{EE972B30-181C-4110-A40C-C6AD9F26C8A0}.Release|x86.Build.0 = Release|Any CPU
		{5DE5DBA3-50CE-442A-A71F-AAE3EA90E823}.Debug|Any CPU.ActiveCfg = Debug|Any CPU
		{5DE5DBA3-50CE-442A-A71F-AAE3EA90E823}.Debug|Any CPU.Build.0 = Debug|Any CPU
		{5DE5DBA3-50CE-442A-A71F-AAE3EA90E823}.Debug|iPhone.ActiveCfg = Debug|Any CPU
		{5DE5DBA3-50CE-442A-A71F-AAE3EA90E823}.Debug|iPhone.Build.0 = Debug|Any CPU
		{5DE5DBA3-50CE-442A-A71F-AAE3EA90E823}.Debug|iPhoneSimulator.ActiveCfg = Debug|Any CPU
		{5DE5DBA3-50CE-442A-A71F-AAE3EA90E823}.Debug|iPhoneSimulator.Build.0 = Debug|Any CPU
		{5DE5DBA3-50CE-442A-A71F-AAE3EA90E823}.Debug|x64.ActiveCfg = Debug|Any CPU
		{5DE5DBA3-50CE-442A-A71F-AAE3EA90E823}.Debug|x64.Build.0 = Debug|Any CPU
		{5DE5DBA3-50CE-442A-A71F-AAE3EA90E823}.Debug|x86.ActiveCfg = Debug|Any CPU
		{5DE5DBA3-50CE-442A-A71F-AAE3EA90E823}.Debug|x86.Build.0 = Debug|Any CPU
		{5DE5DBA3-50CE-442A-A71F-AAE3EA90E823}.Release|Any CPU.ActiveCfg = Release|Any CPU
		{5DE5DBA3-50CE-442A-A71F-AAE3EA90E823}.Release|Any CPU.Build.0 = Release|Any CPU
		{5DE5DBA3-50CE-442A-A71F-AAE3EA90E823}.Release|iPhone.ActiveCfg = Release|Any CPU
		{5DE5DBA3-50CE-442A-A71F-AAE3EA90E823}.Release|iPhone.Build.0 = Release|Any CPU
		{5DE5DBA3-50CE-442A-A71F-AAE3EA90E823}.Release|iPhoneSimulator.ActiveCfg = Release|Any CPU
		{5DE5DBA3-50CE-442A-A71F-AAE3EA90E823}.Release|iPhoneSimulator.Build.0 = Release|Any CPU
		{5DE5DBA3-50CE-442A-A71F-AAE3EA90E823}.Release|x64.ActiveCfg = Release|Any CPU
		{5DE5DBA3-50CE-442A-A71F-AAE3EA90E823}.Release|x64.Build.0 = Release|Any CPU
		{5DE5DBA3-50CE-442A-A71F-AAE3EA90E823}.Release|x86.ActiveCfg = Release|Any CPU
		{5DE5DBA3-50CE-442A-A71F-AAE3EA90E823}.Release|x86.Build.0 = Release|Any CPU
	EndGlobalSection
	GlobalSection(SolutionProperties) = preSolution
		HideSolutionNode = FALSE
	EndGlobalSection
	GlobalSection(ExtensibilityGlobals) = postSolution
		SolutionGuid = {F2BFE1B9-713A-492E-AAE6-F4326C655340}
	EndGlobalSection
EndGlobal
