
Microsoft Visual Studio Solution File, Format Version 12.00
# Visual Studio Version 17
VisualStudioVersion = 17.0.32014.148
MinimumVisualStudioVersion = 10.0.40219.1
Project("{9A19103F-16F7-4668-BE54-9A1E7A4F7556}") = "BlazorAuthentication.WebUI", "WebUI\BlazorAuthentication.WebUI.csproj", "{D9BAB327-9B60-440E-AA82-930A421B4C31}"
EndProject
Project("{9A19103F-16F7-4668-BE54-9A1E7A4F7556}") = "BlazorAuthentication.Objects", "Objects\BlazorAuthentication.Objects.csproj", "{2E0F0924-8F24-402E-AE2E-19ED3C9D7373}"
EndProject
Project("{9A19103F-16F7-4668-BE54-9A1E7A4F7556}") = "DataAccess", "DataAccess\DataAccess.csproj", "{E0B5FEA6-D59F-4291-A42E-1F11EC53DDBE}"
EndProject
Project("{9A19103F-16F7-4668-BE54-9A1E7A4F7556}") = "DataAccess.Mock", "DataAccess.Mock\DataAccess.Mock.csproj", "{20B46BA7-188C-4859-B5F4-F14BC0547CE7}"
EndProject
Project("{2150E333-8FDC-42A3-9474-1A3956D46DE8}") = "Solution Items", "Solution Items", "{FF3E5906-FEA2-4B17-85A7-DA254F335FBC}"
	ProjectSection(SolutionItems) = preProject
		.editorconfig = .editorconfig
	EndProjectSection
EndProject
Global
	GlobalSection(SolutionConfigurationPlatforms) = preSolution
		Debug|Any CPU = Debug|Any CPU
		Release|Any CPU = Release|Any CPU
	EndGlobalSection
	GlobalSection(ProjectConfigurationPlatforms) = postSolution
		{D9BAB327-9B60-440E-AA82-930A421B4C31}.Debug|Any CPU.ActiveCfg = Debug|Any CPU
		{D9BAB327-9B60-440E-AA82-930A421B4C31}.Debug|Any CPU.Build.0 = Debug|Any CPU
		{D9BAB327-9B60-440E-AA82-930A421B4C31}.Release|Any CPU.ActiveCfg = Release|Any CPU
		{D9BAB327-9B60-440E-AA82-930A421B4C31}.Release|Any CPU.Build.0 = Release|Any CPU
		{2E0F0924-8F24-402E-AE2E-19ED3C9D7373}.Debug|Any CPU.ActiveCfg = Debug|Any CPU
		{2E0F0924-8F24-402E-AE2E-19ED3C9D7373}.Debug|Any CPU.Build.0 = Debug|Any CPU
		{2E0F0924-8F24-402E-AE2E-19ED3C9D7373}.Release|Any CPU.ActiveCfg = Release|Any CPU
		{2E0F0924-8F24-402E-AE2E-19ED3C9D7373}.Release|Any CPU.Build.0 = Release|Any CPU
		{E0B5FEA6-D59F-4291-A42E-1F11EC53DDBE}.Debug|Any CPU.ActiveCfg = Debug|Any CPU
		{E0B5FEA6-D59F-4291-A42E-1F11EC53DDBE}.Debug|Any CPU.Build.0 = Debug|Any CPU
		{E0B5FEA6-D59F-4291-A42E-1F11EC53DDBE}.Release|Any CPU.ActiveCfg = Release|Any CPU
		{E0B5FEA6-D59F-4291-A42E-1F11EC53DDBE}.Release|Any CPU.Build.0 = Release|Any CPU
		{20B46BA7-188C-4859-B5F4-F14BC0547CE7}.Debug|Any CPU.ActiveCfg = Debug|Any CPU
		{20B46BA7-188C-4859-B5F4-F14BC0547CE7}.Debug|Any CPU.Build.0 = Debug|Any CPU
		{20B46BA7-188C-4859-B5F4-F14BC0547CE7}.Release|Any CPU.ActiveCfg = Release|Any CPU
		{20B46BA7-188C-4859-B5F4-F14BC0547CE7}.Release|Any CPU.Build.0 = Release|Any CPU
	EndGlobalSection
	GlobalSection(SolutionProperties) = preSolution
		HideSolutionNode = FALSE
	EndGlobalSection
	GlobalSection(ExtensibilityGlobals) = postSolution
		SolutionGuid = {4FFECEAA-1BBE-437D-B1F6-128AE1F29D5F}
	EndGlobalSection
EndGlobal
