
Microsoft Visual Studio Solution File, Format Version 12.00
# Visual Studio Version 17
VisualStudioVersion = 17.11.35222.181
MinimumVisualStudioVersion = 10.0.40219.1
Project("{FAE04EC0-301F-11D3-BF4B-00C04F79EFBC}") = "NewtonsoftComparison", "NewtonsoftComparison.csproj", "{D26ECBEB-B03A-4999-A1F1-B78C3AE3DE68}"
EndProject
Global
	GlobalSection(SolutionConfigurationPlatforms) = preSolution
		Debug|Any CPU = Debug|Any CPU
		Release|Any CPU = Release|Any CPU
	EndGlobalSection
	GlobalSection(ProjectConfigurationPlatforms) = postSolution
		{D26ECBEB-B03A-4999-A1F1-B78C3AE3DE68}.Debug|Any CPU.ActiveCfg = Debug|Any CPU
		{D26ECBEB-B03A-4999-A1F1-B78C3AE3DE68}.Debug|Any CPU.Build.0 = Debug|Any CPU
		{D26ECBEB-B03A-4999-A1F1-B78C3AE3DE68}.Release|Any CPU.ActiveCfg = Release|Any CPU
		{D26ECBEB-B03A-4999-A1F1-B78C3AE3DE68}.Release|Any CPU.Build.0 = Release|Any CPU
	EndGlobalSection
	GlobalSection(SolutionProperties) = preSolution
		HideSolutionNode = FALSE
	EndGlobalSection
	GlobalSection(ExtensibilityGlobals) = postSolution
		SolutionGuid = {F0646D4F-0AF8-46D4-97BF-47414B1C501B}
	EndGlobalSection
EndGlobal
