
Microsoft Visual Studio Solution File, Format Version 12.00
# Visual Studio Version 17
VisualStudioVersion = 17.0.31606.5
MinimumVisualStudioVersion = 10.0.40219.1
Project("{9A19103F-16F7-4668-BE54-9A1E7A4F7556}") = "UncontrolledTrimming.ConsoleUI", "ConsoleUI\UncontrolledTrimming.ConsoleUI.csproj", "{FF853564-D4D4-4AD3-BD30-125CA18C8968}"
EndProject
Project("{9A19103F-16F7-4668-BE54-9A1E7A4F7556}") = "ExecutionFramework", "ExecutionFramework\ExecutionFramework.csproj", "{6E409B5A-9089-4A72-ABBF-281F44AFD81A}"
EndProject
Project("{FAE04EC0-301F-11D3-BF4B-00C04F79EFBC}") = "Executors", "Executors\Executors.csproj", "{CF56B332-6721-4C00-8CF0-61CC6B188C78}"
EndProject
Global
	GlobalSection(SolutionConfigurationPlatforms) = preSolution
		Debug|Any CPU = Debug|Any CPU
		Release|Any CPU = Release|Any CPU
	EndGlobalSection
	GlobalSection(ProjectConfigurationPlatforms) = postSolution
		{FF853564-D4D4-4AD3-BD30-125CA18C8968}.Debug|Any CPU.ActiveCfg = Debug|Any CPU
		{FF853564-D4D4-4AD3-BD30-125CA18C8968}.Debug|Any CPU.Build.0 = Debug|Any CPU
		{FF853564-D4D4-4AD3-BD30-125CA18C8968}.Release|Any CPU.ActiveCfg = Release|Any CPU
		{FF853564-D4D4-4AD3-BD30-125CA18C8968}.Release|Any CPU.Build.0 = Release|Any CPU
		{6E409B5A-9089-4A72-ABBF-281F44AFD81A}.Debug|Any CPU.ActiveCfg = Debug|Any CPU
		{6E409B5A-9089-4A72-ABBF-281F44AFD81A}.Debug|Any CPU.Build.0 = Debug|Any CPU
		{6E409B5A-9089-4A72-ABBF-281F44AFD81A}.Release|Any CPU.ActiveCfg = Release|Any CPU
		{6E409B5A-9089-4A72-ABBF-281F44AFD81A}.Release|Any CPU.Build.0 = Release|Any CPU
		{CF56B332-6721-4C00-8CF0-61CC6B188C78}.Debug|Any CPU.ActiveCfg = Debug|Any CPU
		{CF56B332-6721-4C00-8CF0-61CC6B188C78}.Debug|Any CPU.Build.0 = Debug|Any CPU
		{CF56B332-6721-4C00-8CF0-61CC6B188C78}.Release|Any CPU.ActiveCfg = Release|Any CPU
		{CF56B332-6721-4C00-8CF0-61CC6B188C78}.Release|Any CPU.Build.0 = Release|Any CPU
	EndGlobalSection
	GlobalSection(SolutionProperties) = preSolution
		HideSolutionNode = FALSE
	EndGlobalSection
	GlobalSection(ExtensibilityGlobals) = postSolution
		SolutionGuid = {F7DD5361-C4A1-4016-887D-393E1B38708B}
	EndGlobalSection
EndGlobal
